// !$*UTF8*$!
{
	archiveVersion = 1;
	classes = {
	};
	objectVersion = 46;
	objects = {

/* Begin PBXBuildFile section */
		40CFC6121D1065DC0034F068 /* AppDelegate.swift in Sources */ = {isa = PBXBuildFile; fileRef = 40CFC6111D1065DC0034F068 /* AppDelegate.swift */; };
		40CFC6141D1065DC0034F068 /* ViewController.swift in Sources */ = {isa = PBXBuildFile; fileRef = 40CFC6131D1065DC0034F068 /* ViewController.swift */; };
		40CFC6171D1065DC0034F068 /* Main.storyboard in Resources */ = {isa = PBXBuildFile; fileRef = 40CFC6151D1065DC0034F068 /* Main.storyboard */; };
		40CFC6191D1065DC0034F068 /* Assets.xcassets in Resources */ = {isa = PBXBuildFile; fileRef = 40CFC6181D1065DC0034F068 /* Assets.xcassets */; };
		40CFC61C1D1065DC0034F068 /* LaunchScreen.storyboard in Resources */ = {isa = PBXBuildFile; fileRef = 40CFC61A1D1065DC0034F068 /* LaunchScreen.storyboard */; };
/* End PBXBuildFile section */

/* Begin PBXFileReference section */
		40CFC60E1D1065DC0034F068 /* AppleViewControllers.app */ = {isa = PBXFileReference; explicitFileType = wrapper.application; includeInIndex = 0; path = AppleViewControllers.app; sourceTree = BUILT_PRODUCTS_DIR; };
		40CFC6111D1065DC0034F068 /* AppDelegate.swift */ = {isa = PBXFileReference; lastKnownFileType = sourcecode.swift; path = AppDelegate.swift; sourceTree = "<group>"; };
		40CFC6131D1065DC0034F068 /* ViewController.swift */ = {isa = PBXFileReference; lastKnownFileType = sourcecode.swift; path = ViewController.swift; sourceTree = "<group>"; };
		40CFC6161D1065DC0034F068 /* Base */ = {isa = PBXFileReference; lastKnownFileType = file.storyboard; name = Base; path = Base.lproj/Main.storyboard; sourceTree = "<group>"; };
		40CFC6181D1065DC0034F068 /* Assets.xcassets */ = {isa = PBXFileReference; lastKnownFileType = folder.assetcatalog; path = Assets.xcassets; sourceTree = "<group>"; };
		40CFC61B1D1065DC0034F068 /* Base */ = {isa = PBXFileReference; lastKnownFileType = file.storyboard; name = Base; path = Base.lproj/LaunchScreen.storyboard; sourceTree = "<group>"; };
		40CFC61D1D1065DC0034F068 /* Info.plist */ = {isa = PBXFileReference; lastKnownFileType = text.plist.xml; path = Info.plist; sourceTree = "<group>"; };
/* End PBXFileReference section */

/* Begin PBXFrameworksBuildPhase section */
		40CFC60B1D1065DC0034F068 /* Frameworks */ = {
			isa = PBXFrameworksBuildPhase;
			buildActionMask = 2147483647;
			files = (
			);
			runOnlyForDeploymentPostprocessing = 0;
		};
/* End PBXFrameworksBuildPhase section */

/* Begin PBXGroup section */
		40CFC6051D1065DC0034F068 = {
			isa = PBXGroup;
			children = (
				40CFC6101D1065DC0034F068 /* AppleViewControllers */,
				40CFC60F1D1065DC0034F068 /* Products */,
			);
			sourceTree = "<group>";
		};
		40CFC60F1D1065DC0034F068 /* Products */ = {
			isa = PBXGroup;
			children = (
				40CFC60E1D1065DC0034F068 /* AppleViewControllers.app */,
			);
			name = Products;
			sourceTree = "<group>";
		};
		40CFC6101D1065DC0034F068 /* AppleViewControllers */ = {
			isa = PBXGroup;
			children = (
				40CFC6111D1065DC0034F068 /* AppDelegate.swift */,
				40CFC6131D1065DC0034F068 /* ViewController.swift */,
				40CFC6151D1065DC0034F068 /* Main.storyboard */,
				40CFC6181D1065DC0034F068 /* Assets.xcassets */,
				40CFC61A1D1065DC0034F068 /* LaunchScreen.storyboard */,
				40CFC61D1D1065DC0034F068 /* Info.plist */,
			);
			path = AppleViewControllers;
			sourceTree = "<group>";
		};
/* End PBXGroup section */

/* Begin PBXNativeTarget section */
		40CFC60D1D1065DC0034F068 /* AppleViewControllers */ = {
			isa = PBXNativeTarget;
			buildConfigurationList = 40CFC6201D1065DC0034F068 /* Build configuration list for PBXNativeTarget "AppleViewControllers" */;
			buildPhases = (
				40CFC60A1D1065DC0034F068 /* Sources */,
				40CFC60B1D1065DC0034F068 /* Frameworks */,
				40CFC60C1D1065DC0034F068 /* Resources */,
			);
			buildRules = (
			);
			dependencies = (
			);
			name = AppleViewControllers;
			productName = AppleViewControllers;
			productReference = 40CFC60E1D1065DC0034F068 /* AppleViewControllers.app */;
			productType = "com.apple.product-type.application";
		};
/* End PBXNativeTarget section */

/* Begin PBXProject section */
		40CFC6061D1065DC0034F068 /* Project object */ = {
			isa = PBXProject;
			attributes = {
				LastSwiftUpdateCheck = 0730;
				LastUpgradeCheck = 0730;
				ORGANIZATIONNAME = "Emily Mearns";
				TargetAttributes = {
					40CFC60D1D1065DC0034F068 = {
						CreatedOnToolsVersion = 7.3;
					};
				};
			};
			buildConfigurationList = 40CFC6091D1065DC0034F068 /* Build configuration list for PBXProject "AppleViewControllers" */;
			compatibilityVersion = "Xcode 3.2";
			developmentRegion = English;
			hasScannedForEncodings = 0;
			knownRegions = (
				en,
				Base,
			);
			mainGroup = 40CFC6051D1065DC0034F068;
			productRefGroup = 40CFC60F1D1065DC0034F068 /* Products */;
			projectDirPath = "";
			projectRoot = "";
			targets = (
				40CFC60D1D1065DC0034F068 /* AppleViewControllers */,
			);
		};
/* End PBXProject section */

/* Begin PBXResourcesBuildPhase section */
		40CFC60C1D1065DC0034F068 /* Resources */ = {
			isa = PBXResourcesBuildPhase;
			buildActionMask = 2147483647;
			files = (
				40CFC61C1D1065DC0034F068 /* LaunchScreen.storyboard in Resources */,
				40CFC6191D1065DC0034F068 /* Assets.xcassets in Resources */,
				40CFC6171D1065DC0034F068 /* Main.storyboard in Resources */,
			);
			runOnlyForDeploymentPostprocessing = 0;
		};
/* End PBXResourcesBuildPhase section */

/* Begin PBXSourcesBuildPhase section */
		40CFC60A1D1065DC0034F068 /* Sources */ = {
			isa = PBXSourcesBuildPhase;
			buildActionMask = 2147483647;
			files = (
				40CFC6141D1065DC0034F068 /* ViewController.swift in Sources */,
				40CFC6121D1065DC0034F068 /* AppDelegate.swift in Sources */,
			);
			runOnlyForDeploymentPostprocessing = 0;
		};
/* End PBXSourcesBuildPhase section */

/* Begin PBXVariantGroup section */
		40CFC6151D1065DC0034F068 /* Main.storyboard */ = {
			isa = PBXVariantGroup;
			children = (
				40CFC6161D1065DC0034F068 /* Base */,
			);
			name = Main.storyboard;
			sourceTree = "<group>";
		};
		40CFC61A1D1065DC0034F068 /* LaunchScreen.storyboard */ = {
			isa = PBXVariantGroup;
			children = (
				40CFC61B1D1065DC0034F068 /* Base */,
			);
			name = LaunchScreen.storyboard;
			sourceTree = "<group>";
		};
/* End PBXVariantGroup section */

/* Begin XCBuildConfiguration section */
		40CFC61E1D1065DC0034F068 /* Debug */ = {
			isa = XCBuildConfiguration;
			buildSettings = {
				ALWAYS_SEARCH_USER_PATHS = NO;
				CLANG_ANALYZER_NONNULL = YES;
				CLANG_CXX_LANGUAGE_STANDARD = "gnu++0x";
				CLANG_CXX_LIBRARY = "libc++";
				CLANG_ENABLE_MODULES = YES;
				CLANG_ENABLE_OBJC_ARC = YES;
				CLANG_WARN_BOOL_CONVERSION = YES;
				CLANG_WARN_CONSTANT_CONVERSION = YES;
				CLANG_WARN_DIRECT_OBJC_ISA_USAGE = YES_ERROR;
				CLANG_WARN_EMPTY_BODY = YES;
				CLANG_WARN_ENUM_CONVERSION = YES;
				CLANG_WARN_INT_CONVERSION = YES;
				CLANG_WARN_OBJC_ROOT_CLASS = YES_ERROR;
				CLANG_WARN_UNREACHABLE_CODE = YES;
				CLANG_WARN__DUPLICATE_METHOD_MATCH = YES;
				"CODE_SIGN_IDENTITY[sdk=iphoneos*]" = "iPhone Developer";
				COPY_PHASE_STRIP = NO;
				DEBUG_INFORMATION_FORMAT = dwarf;
				ENABLE_STRICT_OBJC_MSGSEND = YES;
				ENABLE_TESTABILITY = YES;
				GCC_C_LANGUAGE_STANDARD = gnu99;
				GCC_DYNAMIC_NO_PIC = NO;
				GCC_NO_COMMON_BLOCKS = YES;
				GCC_OPTIMIZATION_LEVEL = 0;
				GCC_PREPROCESSOR_DEFINITIONS = (
					"DEBUG=1",
					"$(inherited)",
				);
				GCC_WARN_64_TO_32_BIT_CONVERSION = YES;
				GCC_WARN_ABOUT_RETURN_TYPE = YES_ERROR;
				GCC_WARN_UNDECLARED_SELECTOR = YES;
				GCC_WARN_UNINITIALIZED_AUTOS = YES_AGGRESSIVE;
				GCC_WARN_UNUSED_FUNCTION = YES;
				GCC_WARN_UNUSED_VARIABLE = YES;
				IPHONEOS_DEPLOYMENT_TARGET = 9.3;
				MTL_ENABLE_DEBUG_INFO = YES;
				ONLY_ACTIVE_ARCH = YES;
				SDKROOT = iphoneos;
				SWIFT_OPTIMIZATION_LEVEL = "-Onone";
			};
			name = Debug;
		};
		40CFC61F1D1065DC0034F068 /* Release */ = {
			isa = XCBuildConfiguration;
			buildSettings = {
				ALWAYS_SEARCH_USER_PATHS = NO;
				CLANG_ANALYZER_NONNULL = YES;
				CLANG_CXX_LANGUAGE_STANDARD = "gnu++0x";
				CLANG_CXX_LIBRARY = "libc++";
				CLANG_ENABLE_MODULES = YES;
				CLANG_ENABLE_OBJC_ARC = YES;
				CLANG_WARN_BOOL_CONVERSION = YES;
				CLANG_WARN_CONSTANT_CONVERSION = YES;
				CLANG_WARN_DIRECT_OBJC_ISA_USAGE = YES_ERROR;
				CLANG_WARN_EMPTY_BODY = YES;
				CLANG_WARN_ENUM_CONVERSION = YES;
				CLANG_WARN_INT_CONVERSION = YES;
				CLANG_WARN_OBJC_ROOT_CLASS = YES_ERROR;
				CLANG_WARN_UNREACHABLE_CODE = YES;
				CLANG_WARN__DUPLICATE_METHOD_MATCH = YES;
				"CODE_SIGN_IDENTITY[sdk=iphoneos*]" = "iPhone Developer";
				COPY_PHASE_STRIP = NO;
				DEBUG_INFORMATION_FORMAT = "dwarf-with-dsym";
				ENABLE_NS_ASSERTIONS = NO;
				ENABLE_STRICT_OBJC_MSGSEND = YES;
				GCC_C_LANGUAGE_STANDARD = gnu99;
				GCC_NO_COMMON_BLOCKS = YES;
				GCC_WARN_64_TO_32_BIT_CONVERSION = YES;
				GCC_WARN_ABOUT_RETURN_TYPE = YES_ERROR;
				GCC_WARN_UNDECLARED_SELECTOR = YES;
				GCC_WARN_UNINITIALIZED_AUTOS = YES_AGGRESSIVE;
				GCC_WARN_UNUSED_FUNCTION = YES;
				GCC_WARN_UNUSED_VARIABLE = YES;
				IPHONEOS_DEPLOYMENT_TARGET = 9.3;
				MTL_ENABLE_DEBUG_INFO = NO;
				SDKROOT = iphoneos;
				VALIDATE_PRODUCT = YES;
			};
			name = Release;
		};
		40CFC6211D1065DC0034F068 /* Debug */ = {
			isa = XCBuildConfiguration;
			buildSettings = {
				ASSETCATALOG_COMPILER_APPICON_NAME = AppIcon;
				INFOPLIST_FILE = AppleViewControllers/Info.plist;
				LD_RUNPATH_SEARCH_PATHS = "$(inherited) @executable_path/Frameworks";
				PRODUCT_BUNDLE_IDENTIFIER = com.EM.AppleViewControllers;
				PRODUCT_NAME = "$(TARGET_NAME)";
			};
			name = Debug;
		};
		40CFC6221D1065DC0034F068 /* Release */ = {
			isa = XCBuildConfiguration;
			buildSettings = {
				ASSETCATALOG_COMPILER_APPICON_NAME = AppIcon;
				INFOPLIST_FILE = AppleViewControllers/Info.plist;
				LD_RUNPATH_SEARCH_PATHS = "$(inherited) @executable_path/Frameworks";
				PRODUCT_BUNDLE_IDENTIFIER = com.EM.AppleViewControllers;
				PRODUCT_NAME = "$(TARGET_NAME)";
			};
			name = Release;
		};
/* End XCBuildConfiguration section */

/* Begin XCConfigurationList section */
		40CFC6091D1065DC0034F068 /* Build configuration list for PBXProject "AppleViewControllers" */ = {
			isa = XCConfigurationList;
			buildConfigurations = (
				40CFC61E1D1065DC0034F068 /* Debug */,
				40CFC61F1D1065DC0034F068 /* Release */,
			);
			defaultConfigurationIsVisible = 0;
			defaultConfigurationName = Release;
		};
		40CFC6201D1065DC0034F068 /* Build configuration list for PBXNativeTarget "AppleViewControllers" */ = {
			isa = XCConfigurationList;
			buildConfigurations = (
				40CFC6211D1065DC0034F068 /* Debug */,
				40CFC6221D1065DC0034F068 /* Release */,
			);
			defaultConfigurationIsVisible = 0;
		};
/* End XCConfigurationList section */
	};
	rootObject = 40CFC6061D1065DC0034F068 /* Project object */;
}
