// !$*UTF8*$!
{
	archiveVersion = 1;
	classes = {
	};
	objectVersion = 46;
	objects = {

/* Begin PBXBuildFile section */
		40359A201D19B13800A97EE3 /* AppDelegate.swift in Sources */ = {isa = PBXBuildFile; fileRef = 40359A1F1D19B13800A97EE3 /* AppDelegate.swift */; };
		40359A251D19B13800A97EE3 /* Main.storyboard in Resources */ = {isa = PBXBuildFile; fileRef = 40359A231D19B13800A97EE3 /* Main.storyboard */; };
		40359A271D19B13800A97EE3 /* Assets.xcassets in Resources */ = {isa = PBXBuildFile; fileRef = 40359A261D19B13800A97EE3 /* Assets.xcassets */; };
		40359A2A1D19B13800A97EE3 /* LaunchScreen.storyboard in Resources */ = {isa = PBXBuildFile; fileRef = 40359A281D19B13800A97EE3 /* LaunchScreen.storyboard */; };
		40359A321D19B1F400A97EE3 /* StudentTableViewController.swift in Sources */ = {isa = PBXBuildFile; fileRef = 40359A311D19B1F400A97EE3 /* StudentTableViewController.swift */; };
		40359A341D19B20100A97EE3 /* ResultsTableViewController.swift in Sources */ = {isa = PBXBuildFile; fileRef = 40359A331D19B20100A97EE3 /* ResultsTableViewController.swift */; };
		40359A361D19B81200A97EE3 /* StudentController.swift in Sources */ = {isa = PBXBuildFile; fileRef = 40359A351D19B81200A97EE3 /* StudentController.swift */; };
/* End PBXBuildFile section */

/* Begin PBXFileReference section */
		40359A1C1D19B13800A97EE3 /* SearchControllerTableView.app */ = {isa = PBXFileReference; explicitFileType = wrapper.application; includeInIndex = 0; path = SearchControllerTableView.app; sourceTree = BUILT_PRODUCTS_DIR; };
		40359A1F1D19B13800A97EE3 /* AppDelegate.swift */ = {isa = PBXFileReference; lastKnownFileType = sourcecode.swift; path = AppDelegate.swift; sourceTree = "<group>"; };
		40359A241D19B13800A97EE3 /* Base */ = {isa = PBXFileReference; lastKnownFileType = file.storyboard; name = Base; path = Base.lproj/Main.storyboard; sourceTree = "<group>"; };
		40359A261D19B13800A97EE3 /* Assets.xcassets */ = {isa = PBXFileReference; lastKnownFileType = folder.assetcatalog; path = Assets.xcassets; sourceTree = "<group>"; };
		40359A291D19B13800A97EE3 /* Base */ = {isa = PBXFileReference; lastKnownFileType = file.storyboard; name = Base; path = Base.lproj/LaunchScreen.storyboard; sourceTree = "<group>"; };
		40359A2B1D19B13800A97EE3 /* Info.plist */ = {isa = PBXFileReference; lastKnownFileType = text.plist.xml; path = Info.plist; sourceTree = "<group>"; };
		40359A311D19B1F400A97EE3 /* StudentTableViewController.swift */ = {isa = PBXFileReference; fileEncoding = 4; lastKnownFileType = sourcecode.swift; path = StudentTableViewController.swift; sourceTree = "<group>"; };
		40359A331D19B20100A97EE3 /* ResultsTableViewController.swift */ = {isa = PBXFileReference; fileEncoding = 4; lastKnownFileType = sourcecode.swift; path = ResultsTableViewController.swift; sourceTree = "<group>"; };
		40359A351D19B81200A97EE3 /* StudentController.swift */ = {isa = PBXFileReference; fileEncoding = 4; lastKnownFileType = sourcecode.swift; path = StudentController.swift; sourceTree = "<group>"; };
/* End PBXFileReference section */

/* Begin PBXFrameworksBuildPhase section */
		40359A191D19B13800A97EE3 /* Frameworks */ = {
			isa = PBXFrameworksBuildPhase;
			buildActionMask = 2147483647;
			files = (
			);
			runOnlyForDeploymentPostprocessing = 0;
		};
/* End PBXFrameworksBuildPhase section */

/* Begin PBXGroup section */
		40359A131D19B13800A97EE3 = {
			isa = PBXGroup;
			children = (
				40359A1E1D19B13800A97EE3 /* SearchControllerTableView */,
				40359A1D1D19B13800A97EE3 /* Products */,
			);
			sourceTree = "<group>";
		};
		40359A1D1D19B13800A97EE3 /* Products */ = {
			isa = PBXGroup;
			children = (
				40359A1C1D19B13800A97EE3 /* SearchControllerTableView.app */,
			);
			name = Products;
			sourceTree = "<group>";
		};
		40359A1E1D19B13800A97EE3 /* SearchControllerTableView */ = {
			isa = PBXGroup;
			children = (
				40359A1F1D19B13800A97EE3 /* AppDelegate.swift */,
				40359A231D19B13800A97EE3 /* Main.storyboard */,
				40359A351D19B81200A97EE3 /* StudentController.swift */,
				40359A311D19B1F400A97EE3 /* StudentTableViewController.swift */,
				40359A331D19B20100A97EE3 /* ResultsTableViewController.swift */,
				40359A261D19B13800A97EE3 /* Assets.xcassets */,
				40359A281D19B13800A97EE3 /* LaunchScreen.storyboard */,
				40359A2B1D19B13800A97EE3 /* Info.plist */,
			);
			path = SearchControllerTableView;
			sourceTree = "<group>";
		};
/* End PBXGroup section */

/* Begin PBXNativeTarget section */
		40359A1B1D19B13800A97EE3 /* SearchControllerTableView */ = {
			isa = PBXNativeTarget;
			buildConfigurationList = 40359A2E1D19B13800A97EE3 /* Build configuration list for PBXNativeTarget "SearchControllerTableView" */;
			buildPhases = (
				40359A181D19B13800A97EE3 /* Sources */,
				40359A191D19B13800A97EE3 /* Frameworks */,
				40359A1A1D19B13800A97EE3 /* Resources */,
			);
			buildRules = (
			);
			dependencies = (
			);
			name = SearchControllerTableView;
			productName = SearchControllerTableView;
			productReference = 40359A1C1D19B13800A97EE3 /* SearchControllerTableView.app */;
			productType = "com.apple.product-type.application";
		};
/* End PBXNativeTarget section */

/* Begin PBXProject section */
		40359A141D19B13800A97EE3 /* Project object */ = {
			isa = PBXProject;
			attributes = {
				LastSwiftUpdateCheck = 0730;
				LastUpgradeCheck = 0730;
				ORGANIZATIONNAME = "Emily Mearns";
				TargetAttributes = {
					40359A1B1D19B13800A97EE3 = {
						CreatedOnToolsVersion = 7.3;
					};
				};
			};
			buildConfigurationList = 40359A171D19B13800A97EE3 /* Build configuration list for PBXProject "SearchControllerTableView" */;
			compatibilityVersion = "Xcode 3.2";
			developmentRegion = English;
			hasScannedForEncodings = 0;
			knownRegions = (
				en,
				Base,
			);
			mainGroup = 40359A131D19B13800A97EE3;
			productRefGroup = 40359A1D1D19B13800A97EE3 /* Products */;
			projectDirPath = "";
			projectRoot = "";
			targets = (
				40359A1B1D19B13800A97EE3 /* SearchControllerTableView */,
			);
		};
/* End PBXProject section */

/* Begin PBXResourcesBuildPhase section */
		40359A1A1D19B13800A97EE3 /* Resources */ = {
			isa = PBXResourcesBuildPhase;
			buildActionMask = 2147483647;
			files = (
				40359A2A1D19B13800A97EE3 /* LaunchScreen.storyboard in Resources */,
				40359A271D19B13800A97EE3 /* Assets.xcassets in Resources */,
				40359A251D19B13800A97EE3 /* Main.storyboard in Resources */,
			);
			runOnlyForDeploymentPostprocessing = 0;
		};
/* End PBXResourcesBuildPhase section */

/* Begin PBXSourcesBuildPhase section */
		40359A181D19B13800A97EE3 /* Sources */ = {
			isa = PBXSourcesBuildPhase;
			buildActionMask = 2147483647;
			files = (
				40359A341D19B20100A97EE3 /* ResultsTableViewController.swift in Sources */,
				40359A361D19B81200A97EE3 /* StudentController.swift in Sources */,
				40359A321D19B1F400A97EE3 /* StudentTableViewController.swift in Sources */,
				40359A201D19B13800A97EE3 /* AppDelegate.swift in Sources */,
			);
			runOnlyForDeploymentPostprocessing = 0;
		};
/* End PBXSourcesBuildPhase section */

/* Begin PBXVariantGroup section */
		40359A231D19B13800A97EE3 /* Main.storyboard */ = {
			isa = PBXVariantGroup;
			children = (
				40359A241D19B13800A97EE3 /* Base */,
			);
			name = Main.storyboard;
			sourceTree = "<group>";
		};
		40359A281D19B13800A97EE3 /* LaunchScreen.storyboard */ = {
			isa = PBXVariantGroup;
			children = (
				40359A291D19B13800A97EE3 /* Base */,
			);
			name = LaunchScreen.storyboard;
			sourceTree = "<group>";
		};
/* End PBXVariantGroup section */

/* Begin XCBuildConfiguration section */
		40359A2C1D19B13800A97EE3 /* Debug */ = {
			isa = XCBuildConfiguration;
			buildSettings = {
				ALWAYS_SEARCH_USER_PATHS = NO;
				CLANG_ANALYZER_NONNULL = YES;
				CLANG_CXX_LANGUAGE_STANDARD = "gnu++0x";
				CLANG_CXX_LIBRARY = "libc++";
				CLANG_ENABLE_MODULES = YES;
				CLANG_ENABLE_OBJC_ARC = YES;
				CLANG_WARN_BOOL_CONVERSION = YES;
				CLANG_WARN_CONSTANT_CONVERSION = YES;
				CLANG_WARN_DIRECT_OBJC_ISA_USAGE = YES_ERROR;
				CLANG_WARN_EMPTY_BODY = YES;
				CLANG_WARN_ENUM_CONVERSION = YES;
				CLANG_WARN_INT_CONVERSION = YES;
				CLANG_WARN_OBJC_ROOT_CLASS = YES_ERROR;
				CLANG_WARN_UNREACHABLE_CODE = YES;
				CLANG_WARN__DUPLICATE_METHOD_MATCH = YES;
				"CODE_SIGN_IDENTITY[sdk=iphoneos*]" = "iPhone Developer";
				COPY_PHASE_STRIP = NO;
				DEBUG_INFORMATION_FORMAT = dwarf;
				ENABLE_STRICT_OBJC_MSGSEND = YES;
				ENABLE_TESTABILITY = YES;
				GCC_C_LANGUAGE_STANDARD = gnu99;
				GCC_DYNAMIC_NO_PIC = NO;
				GCC_NO_COMMON_BLOCKS = YES;
				GCC_OPTIMIZATION_LEVEL = 0;
				GCC_PREPROCESSOR_DEFINITIONS = (
					"DEBUG=1",
					"$(inherited)",
				);
				GCC_WARN_64_TO_32_BIT_CONVERSION = YES;
				GCC_WARN_ABOUT_RETURN_TYPE = YES_ERROR;
				GCC_WARN_UNDECLARED_SELECTOR = YES;
				GCC_WARN_UNINITIALIZED_AUTOS = YES_AGGRESSIVE;
				GCC_WARN_UNUSED_FUNCTION = YES;
				GCC_WARN_UNUSED_VARIABLE = YES;
				IPHONEOS_DEPLOYMENT_TARGET = 9.3;
				MTL_ENABLE_DEBUG_INFO = YES;
				ONLY_ACTIVE_ARCH = YES;
				SDKROOT = iphoneos;
				SWIFT_OPTIMIZATION_LEVEL = "-Onone";
				TARGETED_DEVICE_FAMILY = "1,2";
			};
			name = Debug;
		};
		40359A2D1D19B13800A97EE3 /* Release */ = {
			isa = XCBuildConfiguration;
			buildSettings = {
				ALWAYS_SEARCH_USER_PATHS = NO;
				CLANG_ANALYZER_NONNULL = YES;
				CLANG_CXX_LANGUAGE_STANDARD = "gnu++0x";
				CLANG_CXX_LIBRARY = "libc++";
				CLANG_ENABLE_MODULES = YES;
				CLANG_ENABLE_OBJC_ARC = YES;
				CLANG_WARN_BOOL_CONVERSION = YES;
				CLANG_WARN_CONSTANT_CONVERSION = YES;
				CLANG_WARN_DIRECT_OBJC_ISA_USAGE = YES_ERROR;
				CLANG_WARN_EMPTY_BODY = YES;
				CLANG_WARN_ENUM_CONVERSION = YES;
				CLANG_WARN_INT_CONVERSION = YES;
				CLANG_WARN_OBJC_ROOT_CLASS = YES_ERROR;
				CLANG_WARN_UNREACHABLE_CODE = YES;
				CLANG_WARN__DUPLICATE_METHOD_MATCH = YES;
				"CODE_SIGN_IDENTITY[sdk=iphoneos*]" = "iPhone Developer";
				COPY_PHASE_STRIP = NO;
				DEBUG_INFORMATION_FORMAT = "dwarf-with-dsym";
				ENABLE_NS_ASSERTIONS = NO;
				ENABLE_STRICT_OBJC_MSGSEND = YES;
				GCC_C_LANGUAGE_STANDARD = gnu99;
				GCC_NO_COMMON_BLOCKS = YES;
				GCC_WARN_64_TO_32_BIT_CONVERSION = YES;
				GCC_WARN_ABOUT_RETURN_TYPE = YES_ERROR;
				GCC_WARN_UNDECLARED_SELECTOR = YES;
				GCC_WARN_UNINITIALIZED_AUTOS = YES_AGGRESSIVE;
				GCC_WARN_UNUSED_FUNCTION = YES;
				GCC_WARN_UNUSED_VARIABLE = YES;
				IPHONEOS_DEPLOYMENT_TARGET = 9.3;
				MTL_ENABLE_DEBUG_INFO = NO;
				SDKROOT = iphoneos;
				TARGETED_DEVICE_FAMILY = "1,2";
				VALIDATE_PRODUCT = YES;
			};
			name = Release;
		};
		40359A2F1D19B13800A97EE3 /* Debug */ = {
			isa = XCBuildConfiguration;
			buildSettings = {
				ASSETCATALOG_COMPILER_APPICON_NAME = AppIcon;
				INFOPLIST_FILE = SearchControllerTableView/Info.plist;
				LD_RUNPATH_SEARCH_PATHS = "$(inherited) @executable_path/Frameworks";
				PRODUCT_BUNDLE_IDENTIFIER = com.EM.SearchControllerTableView;
				PRODUCT_NAME = "$(TARGET_NAME)";
			};
			name = Debug;
		};
		40359A301D19B13800A97EE3 /* Release */ = {
			isa = XCBuildConfiguration;
			buildSettings = {
				ASSETCATALOG_COMPILER_APPICON_NAME = AppIcon;
				INFOPLIST_FILE = SearchControllerTableView/Info.plist;
				LD_RUNPATH_SEARCH_PATHS = "$(inherited) @executable_path/Frameworks";
				PRODUCT_BUNDLE_IDENTIFIER = com.EM.SearchControllerTableView;
				PRODUCT_NAME = "$(TARGET_NAME)";
			};
			name = Release;
		};
/* End XCBuildConfiguration section */

/* Begin XCConfigurationList section */
		40359A171D19B13800A97EE3 /* Build configuration list for PBXProject "SearchControllerTableView" */ = {
			isa = XCConfigurationList;
			buildConfigurations = (
				40359A2C1D19B13800A97EE3 /* Debug */,
				40359A2D1D19B13800A97EE3 /* Release */,
			);
			defaultConfigurationIsVisible = 0;
			defaultConfigurationName = Release;
		};
		40359A2E1D19B13800A97EE3 /* Build configuration list for PBXNativeTarget "SearchControllerTableView" */ = {
			isa = XCConfigurationList;
			buildConfigurations = (
				40359A2F1D19B13800A97EE3 /* Debug */,
				40359A301D19B13800A97EE3 /* Release */,
			);
			defaultConfigurationIsVisible = 0;
		};
/* End XCConfigurationList section */
	};
	rootObject = 40359A141D19B13800A97EE3 /* Project object */;
}
